
Microsoft Visual Studio Solution File, Format Version 12.00
# Visual Studio Version 17
VisualStudioVersion = 17.14.37411.7 d17.14
MinimumVisualStudioVersion = 10.0.40219.1
Project("{FAE04EC0-301F-11D3-BF4B-00C04F79EFBC}") = "FormU3", "FormU3\FormU3.csproj", "{C909A3CA-E3ED-40A4-9132-F121311B61AE}"
EndProject
Global
	GlobalSection(SolutionConfigurationPlatforms) = preSolution
		Debug|Any CPU = Debug|Any CPU
		Release|Any CPU = Release|Any CPU
	EndGlobalSection
	GlobalSection(ProjectConfigurationPlatforms) = postSolution
		{C909A3CA-E3ED-40A4-9132-F121311B61AE}.Debug|Any CPU.ActiveCfg = Debug|Any CPU
		{C909A3CA-E3ED-40A4-9132-F121311B61AE}.Debug|Any CPU.Build.0 = Debug|Any CPU
		{C909A3CA-E3ED-40A4-9132-F121311B61AE}.Release|Any CPU.ActiveCfg = Release|Any CPU
		{C909A3CA-E3ED-40A4-9132-F121311B61AE}.Release|Any CPU.Build.0 = Release|Any CPU
	EndGlobalSection
	GlobalSection(SolutionProperties) = preSolution
		HideSolutionNode = FALSE
	EndGlobalSection
	GlobalSection(ExtensibilityGlobals) = postSolution
		SolutionGuid = {5D0CE4D0-2C54-40C8-AF68-8AB193884AB6}
	EndGlobalSection
EndGlobal
